
Microsoft Visual Studio Solution File, Format Version 12.00
# Visual Studio Version 17
VisualStudioVersion = 17.3.32922.545
MinimumVisualStudioVersion = 10.0.40219.1
Project("{9A19103F-16F7-4668-BE54-9A1E7A4F7556}") = "QLPhieuMuonGUI", "QLPhieuMuon\QLPhieuMuonGUI.csproj", "{8900C104-0C33-43C4-BF81-709F5533DB75}"
EndProject
Project("{FAE04EC0-301F-11D3-BF4B-00C04F79EFBC}") = "PhieuMuonDTO", "PhieuMuonDTO\PhieuMuonDTO.csproj", "{8C1ADF4A-EE17-4858-BADC-87D8D1416725}"
EndProject
Project("{FAE04EC0-301F-11D3-BF4B-00C04F79EFBC}") = "PhieuMuonDAO", "PhieuMuonDAO\PhieuMuonDAO.csproj", "{862DA8E0-96A7-4338-9B10-BF36E997103F}"
EndProject
Global
	GlobalSection(SolutionConfigurationPlatforms) = preSolution
		Debug|Any CPU = Debug|Any CPU
		Release|Any CPU = Release|Any CPU
	EndGlobalSection
	GlobalSection(ProjectConfigurationPlatforms) = postSolution
		{8900C104-0C33-43C4-BF81-709F5533DB75}.Debug|Any CPU.ActiveCfg = Debug|Any CPU
		{8900C104-0C33-43C4-BF81-709F5533DB75}.Debug|Any CPU.Build.0 = Debug|Any CPU
		{8900C104-0C33-43C4-BF81-709F5533DB75}.Release|Any CPU.ActiveCfg = Release|Any CPU
		{8900C104-0C33-43C4-BF81-709F5533DB75}.Release|Any CPU.Build.0 = Release|Any CPU
		{8C1ADF4A-EE17-4858-BADC-87D8D1416725}.Debug|Any CPU.ActiveCfg = Debug|Any CPU
		{8C1ADF4A-EE17-4858-BADC-87D8D1416725}.Debug|Any CPU.Build.0 = Debug|Any CPU
		{8C1ADF4A-EE17-4858-BADC-87D8D1416725}.Release|Any CPU.ActiveCfg = Release|Any CPU
		{8C1ADF4A-EE17-4858-BADC-87D8D1416725}.Release|Any CPU.Build.0 = Release|Any CPU
		{862DA8E0-96A7-4338-9B10-BF36E997103F}.Debug|Any CPU.ActiveCfg = Debug|Any CPU
		{862DA8E0-96A7-4338-9B10-BF36E997103F}.Debug|Any CPU.Build.0 = Debug|Any CPU
		{862DA8E0-96A7-4338-9B10-BF36E997103F}.Release|Any CPU.ActiveCfg = Release|Any CPU
		{862DA8E0-96A7-4338-9B10-BF36E997103F}.Release|Any CPU.Build.0 = Release|Any CPU
	EndGlobalSection
	GlobalSection(SolutionProperties) = preSolution
		HideSolutionNode = FALSE
	EndGlobalSection
	GlobalSection(ExtensibilityGlobals) = postSolution
		SolutionGuid = {8ADAB8FA-A035-4563-BCAE-EF75DAF59D6C}
	EndGlobalSection
EndGlobal
